
Microsoft Visual Studio Solution File, Format Version 12.00
# Visual Studio Version 17
VisualStudioVersion = 17.0.31903.59
MinimumVisualStudioVersion = 10.0.40219.1
Project("{2150E333-8FDC-42A3-9474-1A3956D46DE8}") = "src", "src", "{46418970-B37B-4F46-BA1B-F096C03B80D4}"
EndProject
Project("{FAE04EC0-301F-11D3-BF4B-00C04F79EFBC}") = "MechanicsSoftware.Domain", "src\MechanicsSoftware.Domain\MechanicsSoftware.Domain.csproj", "{96424B23-71E9-4185-AAB3-5D262AA7F03D}"
EndProject
Project("{FAE04EC0-301F-11D3-BF4B-00C04F79EFBC}") = "MechanicsSoftware.Application", "src\MechanicsSoftware.Application\MechanicsSoftware.Application.csproj", "{97A9440B-2957-47C8-84C2-09431D2709A2}"
EndProject
Project("{FAE04EC0-301F-11D3-BF4B-00C04F79EFBC}") = "MechanicsSoftware.Infrastructure", "src\MechanicsSoftware.Infrastructure\MechanicsSoftware.Infrastructure.csproj", "{F25FD934-E335-489E-8D88-D8A1C35A04DC}"
EndProject
Project("{FAE04EC0-301F-11D3-BF4B-00C04F79EFBC}") = "MechanicsSoftware.API", "src\MechanicsSoftware.API\MechanicsSoftware.API.csproj", "{8254F685-F39D-49B0-B52A-4D5482C4AFD0}"
EndProject
Project("{2150E333-8FDC-42A3-9474-1A3956D46DE8}") = "tests", "tests", "{EE417F07-6A84-45CC-830E-4282D3C9FBEC}"
EndProject
Project("{FAE04EC0-301F-11D3-BF4B-00C04F79EFBC}") = "MechanicsSoftware.UnitTests", "tests\MechanicsSoftware.UnitTests\MechanicsSoftware.UnitTests.csproj", "{EE58CD3D-C741-42E5-9D91-EEF2EE73A66E}"
EndProject
Project("{FAE04EC0-301F-11D3-BF4B-00C04F79EFBC}") = "MechanicsSoftware.IntegrationTests", "tests\MechanicsSoftware.IntegrationTests\MechanicsSoftware.IntegrationTests.csproj", "{B8DFD13F-E8CC-4BF6-80E6-36F16226F484}"
EndProject
Global
	GlobalSection(SolutionConfigurationPlatforms) = preSolution
		Debug|Any CPU = Debug|Any CPU
		Release|Any CPU = Release|Any CPU
	EndGlobalSection
	GlobalSection(SolutionProperties) = preSolution
		HideSolutionNode = FALSE
	EndGlobalSection
	GlobalSection(ProjectConfigurationPlatforms) = postSolution
		{96424B23-71E9-4185-AAB3-5D262AA7F03D}.Debug|Any CPU.ActiveCfg = Debug|Any CPU
		{96424B23-71E9-4185-AAB3-5D262AA7F03D}.Debug|Any CPU.Build.0 = Debug|Any CPU
		{96424B23-71E9-4185-AAB3-5D262AA7F03D}.Release|Any CPU.ActiveCfg = Release|Any CPU
		{96424B23-71E9-4185-AAB3-5D262AA7F03D}.Release|Any CPU.Build.0 = Release|Any CPU
		{97A9440B-2957-47C8-84C2-09431D2709A2}.Debug|Any CPU.ActiveCfg = Debug|Any CPU
		{97A9440B-2957-47C8-84C2-09431D2709A2}.Debug|Any CPU.Build.0 = Debug|Any CPU
		{97A9440B-2957-47C8-84C2-09431D2709A2}.Release|Any CPU.ActiveCfg = Release|Any CPU
		{97A9440B-2957-47C8-84C2-09431D2709A2}.Release|Any CPU.Build.0 = Release|Any CPU
		{F25FD934-E335-489E-8D88-D8A1C35A04DC}.Debug|Any CPU.ActiveCfg = Debug|Any CPU
		{F25FD934-E335-489E-8D88-D8A1C35A04DC}.Debug|Any CPU.Build.0 = Debug|Any CPU
		{F25FD934-E335-489E-8D88-D8A1C35A04DC}.Release|Any CPU.ActiveCfg = Release|Any CPU
		{F25FD934-E335-489E-8D88-D8A1C35A04DC}.Release|Any CPU.Build.0 = Release|Any CPU
		{8254F685-F39D-49B0-B52A-4D5482C4AFD0}.Debug|Any CPU.ActiveCfg = Debug|Any CPU
		{8254F685-F39D-49B0-B52A-4D5482C4AFD0}.Debug|Any CPU.Build.0 = Debug|Any CPU
		{8254F685-F39D-49B0-B52A-4D5482C4AFD0}.Release|Any CPU.ActiveCfg = Release|Any CPU
		{8254F685-F39D-49B0-B52A-4D5482C4AFD0}.Release|Any CPU.Build.0 = Release|Any CPU
		{EE58CD3D-C741-42E5-9D91-EEF2EE73A66E}.Debug|Any CPU.ActiveCfg = Debug|Any CPU
		{EE58CD3D-C741-42E5-9D91-EEF2EE73A66E}.Debug|Any CPU.Build.0 = Debug|Any CPU
		{EE58CD3D-C741-42E5-9D91-EEF2EE73A66E}.Release|Any CPU.ActiveCfg = Release|Any CPU
		{EE58CD3D-C741-42E5-9D91-EEF2EE73A66E}.Release|Any CPU.Build.0 = Release|Any CPU
		{B8DFD13F-E8CC-4BF6-80E6-36F16226F484}.Debug|Any CPU.ActiveCfg = Debug|Any CPU
		{B8DFD13F-E8CC-4BF6-80E6-36F16226F484}.Debug|Any CPU.Build.0 = Debug|Any CPU
		{B8DFD13F-E8CC-4BF6-80E6-36F16226F484}.Release|Any CPU.ActiveCfg = Release|Any CPU
		{B8DFD13F-E8CC-4BF6-80E6-36F16226F484}.Release|Any CPU.Build.0 = Release|Any CPU
	EndGlobalSection
	GlobalSection(NestedProjects) = preSolution
		{96424B23-71E9-4185-AAB3-5D262AA7F03D} = {46418970-B37B-4F46-BA1B-F096C03B80D4}
		{97A9440B-2957-47C8-84C2-09431D2709A2} = {46418970-B37B-4F46-BA1B-F096C03B80D4}
		{F25FD934-E335-489E-8D88-D8A1C35A04DC} = {46418970-B37B-4F46-BA1B-F096C03B80D4}
		{8254F685-F39D-49B0-B52A-4D5482C4AFD0} = {46418970-B37B-4F46-BA1B-F096C03B80D4}
		{EE58CD3D-C741-42E5-9D91-EEF2EE73A66E} = {EE417F07-6A84-45CC-830E-4282D3C9FBEC}
		{B8DFD13F-E8CC-4BF6-80E6-36F16226F484} = {EE417F07-6A84-45CC-830E-4282D3C9FBEC}
	EndGlobalSection
EndGlobal
